
Microsoft Visual Studio Solution File, Format Version 12.00
# Visual Studio Version 16
VisualStudioVersion = 25.0.1704.2
MinimumVisualStudioVersion = 10.0.40219.1
Project("{FAE04EC0-301F-11D3-BF4B-00C04F79EFBC}") = "Etapa1", "Etapa1.csproj", "{295A45BB-4D3B-45E6-8F0D-135FB03B01E0}"
EndProject
Global
	GlobalSection(SolutionConfigurationPlatforms) = preSolution
		Debug|Any CPU = Debug|Any CPU
		Release|Any CPU = Release|Any CPU
	EndGlobalSection
	GlobalSection(ProjectConfigurationPlatforms) = postSolution
		{295A45BB-4D3B-45E6-8F0D-135FB03B01E0}.Debug|Any CPU.ActiveCfg = Debug|Any CPU
		{295A45BB-4D3B-45E6-8F0D-135FB03B01E0}.Debug|Any CPU.Build.0 = Debug|Any CPU
		{295A45BB-4D3B-45E6-8F0D-135FB03B01E0}.Release|Any CPU.ActiveCfg = Release|Any CPU
		{295A45BB-4D3B-45E6-8F0D-135FB03B01E0}.Release|Any CPU.Build.0 = Release|Any CPU
	EndGlobalSection
	GlobalSection(SolutionProperties) = preSolution
		HideSolutionNode = FALSE
	EndGlobalSection
	GlobalSection(ExtensibilityGlobals) = postSolution
		SolutionGuid = {7998DC27-33DD-4A96-9790-0F1F971170F5}
	EndGlobalSection
EndGlobal
